
Microsoft Visual Studio Solution File, Format Version 12.00
# Visual Studio Version 17
VisualStudioVersion = 17.5.33530.505
MinimumVisualStudioVersion = 10.0.40219.1
Project("{9A19103F-16F7-4668-BE54-9A1E7A4F7556}") = "StableSwarmUI", "src\StableSwarmUI.csproj", "{2A621042-196A-4F9C-88EA-10369EAEE774}"
EndProject
Global
	GlobalSection(SolutionConfigurationPlatforms) = preSolution
		Debug|Any CPU = Debug|Any CPU
		Release|Any CPU = Release|Any CPU
	EndGlobalSection
	GlobalSection(ProjectConfigurationPlatforms) = postSolution
		{2A621042-196A-4F9C-88EA-10369EAEE774}.Debug|Any CPU.ActiveCfg = Debug|Any CPU
		{2A621042-196A-4F9C-88EA-10369EAEE774}.Debug|Any CPU.Build.0 = Debug|Any CPU
		{2A621042-196A-4F9C-88EA-10369EAEE774}.Release|Any CPU.ActiveCfg = Release|Any CPU
		{2A621042-196A-4F9C-88EA-10369EAEE774}.Release|Any CPU.Build.0 = Release|Any CPU
	EndGlobalSection
	GlobalSection(SolutionProperties) = preSolution
		HideSolutionNode = FALSE
	EndGlobalSection
	GlobalSection(ExtensibilityGlobals) = postSolution
		SolutionGuid = {FD662A7C-77C1-49E7-B0AC-EF986731A226}
	EndGlobalSection
EndGlobal
